# THIS IS AN AUTOGENERATED FILE. DO NOT EDIT THIS FILE DIRECTLY.
# yarn lockfile v1


"@types/bluebird@*":
  version "3.5.2"
  resolved "http://registry.npm.taobao.org/@types/bluebird/download/@types/bluebird-3.5.2.tgz#ecf1104217495e50fe0b588d538146cd6f733b89"

"@types/knex@^0.0.46":
  version "0.0.46"
  resolved "http://registry.npm.taobao.org/@types/knex/download/@types/knex-0.0.46.tgz#19166497417c89ced4d0242403a67626e4add0ee"
  dependencies:
    "@types/bluebird" "*"
    "@types/node" "*"

"@types/node@*":
  version "7.0.13"
  resolved "http://registry.npm.taobao.org/@types/node/download/@types/node-7.0.13.tgz#1b0a53fe9ef9c3a5d061b126cc9b915bca43a3f5"
